
Microsoft Visual Studio Solution File, Format Version 12.00
# Visual Studio Version 16
VisualStudioVersion = 16.0.29424.173
MinimumVisualStudioVersion = 10.0.40219.1
Project("{FAE04EC0-301F-11D3-BF4B-00C04F79EFBC}") = "BikeRentalDemo", "BikeRentalDemo\BikeRentalDemo.csproj", "{65901F3C-CFAC-44E0-8BC4-4818F415C2F1}"
EndProject
Global
	GlobalSection(SolutionConfigurationPlatforms) = preSolution
		Debug|Any CPU = Debug|Any CPU
		Release|Any CPU = Release|Any CPU
	EndGlobalSection
	GlobalSection(ProjectConfigurationPlatforms) = postSolution
		{65901F3C-CFAC-44E0-8BC4-4818F415C2F1}.Debug|Any CPU.ActiveCfg = Debug|Any CPU
		{65901F3C-CFAC-44E0-8BC4-4818F415C2F1}.Debug|Any CPU.Build.0 = Debug|Any CPU
		{65901F3C-CFAC-44E0-8BC4-4818F415C2F1}.Release|Any CPU.ActiveCfg = Release|Any CPU
		{65901F3C-CFAC-44E0-8BC4-4818F415C2F1}.Release|Any CPU.Build.0 = Release|Any CPU
	EndGlobalSection
	GlobalSection(SolutionProperties) = preSolution
		HideSolutionNode = FALSE
	EndGlobalSection
	GlobalSection(ExtensibilityGlobals) = postSolution
		SolutionGuid = {662E91CD-9D1E-451F-B3AD-3D88450B124B}
	EndGlobalSection
EndGlobal
